{
  "version": 4,
  "terraform_version": "1.13.5",
  "serial": 5,
  "lineage": "21f718db-76b4-85c8-8825-ffcb6c81bc75",
  "outputs": {
    "app_service_plan_id": {
      "value": "/subscriptions/c7b3597b-5533-4cff-a5a1-b2a326277e67/resourceGroups/fastapiproject-rg/providers/Microsoft.Web/serverFarms/fastapiproject-plan",
      "type": "string"
    },
    "app_service_plan_name": {
      "value": "fastapiproject-plan",
      "type": "string"
    },
    "resource_group": {
      "value": "fastapiproject-rg",
      "type": "string"
    },
    "webapp_url": {
      "value": "fastapiproject-webapp.azurewebsites.net",
      "type": "string"
    }
  },
  "resources": [
    {
      "module": "module.app_service_plan",
      "mode": "managed",
      "type": "azurerm_service_plan",
      "name": "asp",
      "provider": "provider[\"registry.terraform.io/hashicorp/azurerm\"]",
      "instances": [
        {
          "schema_version": 1,
          "attributes": {
            "app_service_environment_id": "",
            "id": "/subscriptions/c7b3597b-5533-4cff-a5a1-b2a326277e67/resourceGroups/fastapiproject-rg/providers/Microsoft.Web/serverFarms/fastapiproject-plan",
            "kind": "linux",
            "location": "australiaeast",
            "maximum_elastic_worker_count": 1,
            "name": "fastapiproject-plan",
            "os_type": "Linux",
            "per_site_scaling_enabled": false,
            "premium_plan_auto_scale_enabled": false,
            "reserved": true,
            "resource_group_name": "fastapiproject-rg",
            "sku_name": "B1",
            "tags": null,
            "timeouts": null,
            "worker_count": 1,
            "zone_balancing_enabled": false
          },
          "sensitive_attributes": [],
          "identity_schema_version": 0,
          "private": "eyJlMmJmYjczMC1lY2FhLTExZTYtOGY4OC0zNDM2M2JjN2M0YzAiOnsiY3JlYXRlIjozNjAwMDAwMDAwMDAwLCJkZWxldGUiOjM2MDAwMDAwMDAwMDAsInJlYWQiOjMwMDAwMDAwMDAwMCwidXBkYXRlIjozNjAwMDAwMDAwMDAwfSwic2NoZW1hX3ZlcnNpb24iOiIxIn0=",
          "dependencies": [
            "module.resource_group.azurerm_resource_group.rg"
          ]
        }
      ]
    },
    {
      "module": "module.resource_group",
      "mode": "managed",
      "type": "azurerm_resource_group",
      "name": "rg",
      "provider": "provider[\"registry.terraform.io/hashicorp/azurerm\"]",
      "instances": [
        {
          "schema_version": 0,
          "attributes": {
            "id": "/subscriptions/c7b3597b-5533-4cff-a5a1-b2a326277e67/resourceGroups/fastapiproject-rg",
            "location": "australiaeast",
            "managed_by": "",
            "name": "fastapiproject-rg",
            "tags": null,
            "timeouts": null
          },
          "sensitive_attributes": [],
          "identity_schema_version": 0,
          "private": "eyJlMmJmYjczMC1lY2FhLTExZTYtOGY4OC0zNDM2M2JjN2M0YzAiOnsiY3JlYXRlIjo1NDAwMDAwMDAwMDAwLCJkZWxldGUiOjU0MDAwMDAwMDAwMDAsInJlYWQiOjMwMDAwMDAwMDAwMCwidXBkYXRlIjo1NDAwMDAwMDAwMDAwfX0="
        }
      ]
    },
    {
      "module": "module.storage_account",
      "mode": "managed",
      "type": "azurerm_storage_account",
      "name": "sa",
      "provider": "provider[\"registry.terraform.io/hashicorp/azurerm\"]",
      "instances": [
        {
          "schema_version": 4,
          "attributes": {
            "access_tier": "Hot",
            "account_kind": "StorageV2",
            "account_replication_type": "LRS",
            "account_tier": "Standard",
            "allow_nested_items_to_be_public": true,
            "allowed_copy_scope": "",
            "azure_files_authentication": [],
            "blob_properties": [
              {
                "change_feed_enabled": false,
                "change_feed_retention_in_days": 0,
                "container_delete_retention_policy": [],
                "cors_rule": [],
                "default_service_version": "",
                "delete_retention_policy": [],
                "last_access_time_enabled": false,
                "restore_policy": [],
                "versioning_enabled": false
              }
            ],
            "cross_tenant_replication_enabled": false,
            "custom_domain": [],
            "customer_managed_key": [],
            "default_to_oauth_authentication": false,
            "dns_endpoint_type": "Standard",
            "edge_zone": "",
            "https_traffic_only_enabled": true,
            "id": "/subscriptions/c7b3597b-5533-4cff-a5a1-b2a326277e67/resourceGroups/fastapiproject-rg/providers/Microsoft.Storage/storageAccounts/fastapiprojectsa",
            "identity": [],
            "immutability_policy": [],
            "infrastructure_encryption_enabled": false,
            "is_hns_enabled": false,
            "large_file_share_enabled": false,
            "local_user_enabled": true,
            "location": "australiaeast",
            "min_tls_version": "TLS1_2",
            "name": "fastapiprojectsa",
            "network_rules": [],
            "nfsv3_enabled": false,
            "primary_access_key": "L5WDZugieSvscIvYRSIejzCw4IrvPcjFAmCLq2RUoX5WVNg/mrN8efxpdeHPATrLpeTbLYjdZkm9+AStjXba5w==",
            "primary_blob_connection_string": "DefaultEndpointsProtocol=https;BlobEndpoint=https://fastapiprojectsa.blob.core.windows.net/;AccountName=fastapiprojectsa;AccountKey=L5WDZugieSvscIvYRSIejzCw4IrvPcjFAmCLq2RUoX5WVNg/mrN8efxpdeHPATrLpeTbLYjdZkm9+AStjXba5w==",
            "primary_blob_endpoint": "https://fastapiprojectsa.blob.core.windows.net/",
            "primary_blob_host": "fastapiprojectsa.blob.core.windows.net",
            "primary_blob_internet_endpoint": "",
            "primary_blob_internet_host": "",
            "primary_blob_microsoft_endpoint": "",
            "primary_blob_microsoft_host": "",
            "primary_connection_string": "DefaultEndpointsProtocol=https;AccountName=fastapiprojectsa;AccountKey=L5WDZugieSvscIvYRSIejzCw4IrvPcjFAmCLq2RUoX5WVNg/mrN8efxpdeHPATrLpeTbLYjdZkm9+AStjXba5w==;EndpointSuffix=core.windows.net",
            "primary_dfs_endpoint": "https://fastapiprojectsa.dfs.core.windows.net/",
            "primary_dfs_host": "fastapiprojectsa.dfs.core.windows.net",
            "primary_dfs_internet_endpoint": "",
            "primary_dfs_internet_host": "",
            "primary_dfs_microsoft_endpoint": "",
            "primary_dfs_microsoft_host": "",
            "primary_file_endpoint": "https://fastapiprojectsa.file.core.windows.net/",
            "primary_file_host": "fastapiprojectsa.file.core.windows.net",
            "primary_file_internet_endpoint": "",
            "primary_file_internet_host": "",
            "primary_file_microsoft_endpoint": "",
            "primary_file_microsoft_host": "",
            "primary_location": "australiaeast",
            "primary_queue_endpoint": "https://fastapiprojectsa.queue.core.windows.net/",
            "primary_queue_host": "fastapiprojectsa.queue.core.windows.net",
            "primary_queue_microsoft_endpoint": "",
            "primary_queue_microsoft_host": "",
            "primary_table_endpoint": "https://fastapiprojectsa.table.core.windows.net/",
            "primary_table_host": "fastapiprojectsa.table.core.windows.net",
            "primary_table_microsoft_endpoint": "",
            "primary_table_microsoft_host": "",
            "primary_web_endpoint": "https://fastapiprojectsa.z8.web.core.windows.net/",
            "primary_web_host": "fastapiprojectsa.z8.web.core.windows.net",
            "primary_web_internet_endpoint": "",
            "primary_web_internet_host": "",
            "primary_web_microsoft_endpoint": "",
            "primary_web_microsoft_host": "",
            "provisioned_billing_model_version": "",
            "public_network_access_enabled": true,
            "queue_encryption_key_type": "Service",
            "queue_properties": [
              {
                "cors_rule": [],
                "hour_metrics": [
                  {
                    "enabled": false,
                    "include_apis": false,
                    "retention_policy_days": 0,
                    "version": "1.0"
                  }
                ],
                "logging": [
                  {
                    "delete": false,
                    "read": false,
                    "retention_policy_days": 0,
                    "version": "1.0",
                    "write": false
                  }
                ],
                "minute_metrics": [
                  {
                    "enabled": false,
                    "include_apis": false,
                    "retention_policy_days": 0,
                    "version": "1.0"
                  }
                ]
              }
            ],
            "resource_group_name": "fastapiproject-rg",
            "routing": [],
            "sas_policy": [],
            "secondary_access_key": "e9L3jVS2UeYLe2YrL+QyKE3l1ibMs18a+FxS40E6Ldz/rY4tdeWqLM2BJv10adPS876NsYfiv09++AStRM1ZBg==",
            "secondary_blob_connection_string": "",
            "secondary_blob_endpoint": "",
            "secondary_blob_host": "",
            "secondary_blob_internet_endpoint": "",
            "secondary_blob_internet_host": "",
            "secondary_blob_microsoft_endpoint": "",
            "secondary_blob_microsoft_host": "",
            "secondary_connection_string": "DefaultEndpointsProtocol=https;AccountName=fastapiprojectsa;AccountKey=e9L3jVS2UeYLe2YrL+QyKE3l1ibMs18a+FxS40E6Ldz/rY4tdeWqLM2BJv10adPS876NsYfiv09++AStRM1ZBg==;EndpointSuffix=core.windows.net",
            "secondary_dfs_endpoint": "",
            "secondary_dfs_host": "",
            "secondary_dfs_internet_endpoint": "",
            "secondary_dfs_internet_host": "",
            "secondary_dfs_microsoft_endpoint": "",
            "secondary_dfs_microsoft_host": "",
            "secondary_file_endpoint": "",
            "secondary_file_host": "",
            "secondary_file_internet_endpoint": "",
            "secondary_file_internet_host": "",
            "secondary_file_microsoft_endpoint": "",
            "secondary_file_microsoft_host": "",
            "secondary_location": "",
            "secondary_queue_endpoint": "",
            "secondary_queue_host": "",
            "secondary_queue_microsoft_endpoint": "",
            "secondary_queue_microsoft_host": "",
            "secondary_table_endpoint": "",
            "secondary_table_host": "",
            "secondary_table_microsoft_endpoint": "",
            "secondary_table_microsoft_host": "",
            "secondary_web_endpoint": "",
            "secondary_web_host": "",
            "secondary_web_internet_endpoint": "",
            "secondary_web_internet_host": "",
            "secondary_web_microsoft_endpoint": "",
            "secondary_web_microsoft_host": "",
            "sftp_enabled": false,
            "share_properties": [
              {
                "cors_rule": [],
                "retention_policy": [
                  {
                    "days": 7
                  }
                ],
                "smb": []
              }
            ],
            "shared_access_key_enabled": true,
            "static_website": [],
            "table_encryption_key_type": "Service",
            "tags": null,
            "timeouts": null
          },
          "sensitive_attributes": [
            [
              {
                "type": "get_attr",
                "value": "primary_access_key"
              }
            ],
            [
              {
                "type": "get_attr",
                "value": "primary_blob_connection_string"
              }
            ],
            [
              {
                "type": "get_attr",
                "value": "primary_connection_string"
              }
            ],
            [
              {
                "type": "get_attr",
                "value": "secondary_access_key"
              }
            ],
            [
              {
                "type": "get_attr",
                "value": "secondary_blob_connection_string"
              }
            ],
            [
              {
                "type": "get_attr",
                "value": "secondary_connection_string"
              }
            ]
          ],
          "identity_schema_version": 0,
          "identity": {
            "name": "fastapiprojectsa",
            "resource_group_name": "fastapiproject-rg",
            "subscription_id": "c7b3597b-5533-4cff-a5a1-b2a326277e67"
          },
          "private": "eyJlMmJmYjczMC1lY2FhLTExZTYtOGY4OC0zNDM2M2JjN2M0YzAiOnsiY3JlYXRlIjozNjAwMDAwMDAwMDAwLCJkZWxldGUiOjM2MDAwMDAwMDAwMDAsInJlYWQiOjMwMDAwMDAwMDAwMCwidXBkYXRlIjozNjAwMDAwMDAwMDAwfSwic2NoZW1hX3ZlcnNpb24iOiI0In0=",
          "dependencies": [
            "module.resource_group.azurerm_resource_group.rg"
          ]
        }
      ]
    },
    {
      "module": "module.web_app",
      "mode": "managed",
      "type": "azurerm_linux_web_app",
      "name": "webapp",
      "provider": "provider[\"registry.terraform.io/hashicorp/azurerm\"]",
      "instances": [
        {
          "schema_version": 1,
          "attributes": {
            "app_settings": {
              "STORAGE_ACCOUNT_NAME": "fastapiprojectsa",
              "WEBSITE_RUN_FROM_PACKAGE": "1"
            },
            "auth_settings": [
              {
                "active_directory": [],
                "additional_login_parameters": {},
                "allowed_external_redirect_urls": [],
                "default_provider": "",
                "enabled": false,
                "facebook": [],
                "github": [],
                "google": [],
                "issuer": "",
                "microsoft": [],
                "runtime_version": "",
                "token_refresh_extension_hours": 0,
                "token_store_enabled": false,
                "twitter": [],
                "unauthenticated_client_action": ""
              }
            ],
            "auth_settings_v2": [],
            "backup": [],
            "client_affinity_enabled": false,
            "client_certificate_enabled": false,
            "client_certificate_exclusion_paths": "",
            "client_certificate_mode": "Required",
            "connection_string": [],
            "custom_domain_verification_id": "002BCCCDCB8606E4AA5FC2F1428799D1EDE02F37D467C9B2501FF83804D6CC9E",
            "default_hostname": "fastapiproject-webapp.azurewebsites.net",
            "enabled": true,
            "ftp_publish_basic_authentication_enabled": true,
            "hosting_environment_id": "",
            "https_only": false,
            "id": "/subscriptions/c7b3597b-5533-4cff-a5a1-b2a326277e67/resourceGroups/fastapiproject-rg/providers/Microsoft.Web/sites/fastapiproject-webapp",
            "identity": [],
            "key_vault_reference_identity_id": "SystemAssigned",
            "kind": "app,linux",
            "location": "australiaeast",
            "logs": [],
            "name": "fastapiproject-webapp",
            "outbound_ip_address_list": [
              "20.248.137.147",
              "20.248.137.152",
              "20.248.139.118",
              "20.248.140.114",
              "20.248.140.126",
              "20.248.140.158",
              "20.211.64.13"
            ],
            "outbound_ip_addresses": "20.248.137.147,20.248.137.152,20.248.139.118,20.248.140.114,20.248.140.126,20.248.140.158,20.211.64.13",
            "possible_outbound_ip_address_list": [
              "20.248.137.147",
              "20.248.137.152",
              "20.248.139.118",
              "20.248.140.114",
              "20.248.140.126",
              "20.248.140.158",
              "20.248.140.57",
              "20.248.140.192",
              "20.248.140.223",
              "20.92.196.147",
              "20.92.197.14",
              "20.92.197.23",
              "20.248.139.72",
              "20.248.141.199",
              "20.248.141.230",
              "20.248.141.235",
              "20.248.136.118",
              "20.248.142.103",
              "20.92.194.58",
              "20.248.140.165",
              "20.92.199.205",
              "20.92.199.219",
              "20.248.141.29",
              "20.248.142.211",
              "20.211.64.13"
            ],
            "possible_outbound_ip_addresses": "20.248.137.147,20.248.137.152,20.248.139.118,20.248.140.114,20.248.140.126,20.248.140.158,20.248.140.57,20.248.140.192,20.248.140.223,20.92.196.147,20.92.197.14,20.92.197.23,20.248.139.72,20.248.141.199,20.248.141.230,20.248.141.235,20.248.136.118,20.248.142.103,20.92.194.58,20.248.140.165,20.92.199.205,20.92.199.219,20.248.141.29,20.248.142.211,20.211.64.13",
            "public_network_access_enabled": true,
            "resource_group_name": "fastapiproject-rg",
            "service_plan_id": "/subscriptions/c7b3597b-5533-4cff-a5a1-b2a326277e67/resourceGroups/fastapiproject-rg/providers/Microsoft.Web/serverFarms/fastapiproject-plan",
            "site_config": [
              {
                "always_on": true,
                "api_definition_url": "",
                "api_management_api_id": "",
                "app_command_line": "",
                "application_stack": [
                  {
                    "docker_image_name": "",
                    "docker_registry_password": "",
                    "docker_registry_url": "",
                    "docker_registry_username": "",
                    "dotnet_version": "",
                    "go_version": "",
                    "java_server": "",
                    "java_server_version": "",
                    "java_version": "",
                    "node_version": "",
                    "php_version": "",
                    "python_version": "3.10",
                    "ruby_version": ""
                  }
                ],
                "auto_heal_setting": [],
                "container_registry_managed_identity_client_id": "",
                "container_registry_use_managed_identity": false,
                "cors": [],
                "default_documents": [
                  "Default.htm",
                  "Default.html",
                  "Default.asp",
                  "index.htm",
                  "index.html",
                  "iisstart.htm",
                  "default.aspx",
                  "index.php",
                  "hostingstart.html"
                ],
                "detailed_error_logging_enabled": false,
                "ftps_state": "Disabled",
                "health_check_eviction_time_in_min": 0,
                "health_check_path": "",
                "http2_enabled": false,
                "ip_restriction": [],
                "ip_restriction_default_action": "Allow",
                "linux_fx_version": "PYTHON|3.10",
                "load_balancing_mode": "LeastRequests",
                "local_mysql_enabled": false,
                "managed_pipeline_mode": "Integrated",
                "minimum_tls_version": "1.2",
                "remote_debugging_enabled": false,
                "remote_debugging_version": "VS2022",
                "scm_ip_restriction": [],
                "scm_ip_restriction_default_action": "Allow",
                "scm_minimum_tls_version": "1.2",
                "scm_type": "None",
                "scm_use_main_ip_restriction": false,
                "use_32_bit_worker": true,
                "vnet_route_all_enabled": false,
                "websockets_enabled": false,
                "worker_count": 1
              }
            ],
            "site_credential": [
              {
                "name": "$fastapiproject-webapp",
                "password": "xtYbL1L4whwxbj9Rjv84jjZsiYAfcTPABAhNt4rs8wuB2QRqdfBmjLNm3WjQ"
              }
            ],
            "sticky_settings": [],
            "storage_account": [],
            "tags": null,
            "timeouts": null,
            "virtual_network_backup_restore_enabled": false,
            "virtual_network_subnet_id": "",
            "vnet_image_pull_enabled": false,
            "webdeploy_publish_basic_authentication_enabled": true,
            "zip_deploy_file": ""
          },
          "sensitive_attributes": [
            [
              {
                "type": "get_attr",
                "value": "custom_domain_verification_id"
              }
            ],
            [
              {
                "type": "get_attr",
                "value": "site_config"
              },
              {
                "type": "index",
                "value": {
                  "value": 0,
                  "type": "number"
                }
              },
              {
                "type": "get_attr",
                "value": "application_stack"
              },
              {
                "type": "index",
                "value": {
                  "value": 0,
                  "type": "number"
                }
              },
              {
                "type": "get_attr",
                "value": "docker_registry_password"
              }
            ],
            [
              {
                "type": "get_attr",
                "value": "site_credential"
              }
            ]
          ],
          "identity_schema_version": 0,
          "private": "eyJlMmJmYjczMC1lY2FhLTExZTYtOGY4OC0zNDM2M2JjN2M0YzAiOnsiY3JlYXRlIjoxODAwMDAwMDAwMDAwLCJkZWxldGUiOjE4MDAwMDAwMDAwMDAsInJlYWQiOjMwMDAwMDAwMDAwMCwidXBkYXRlIjoxODAwMDAwMDAwMDAwfSwic2NoZW1hX3ZlcnNpb24iOiIxIn0=",
          "dependencies": [
            "module.app_service_plan.azurerm_service_plan.asp",
            "module.resource_group.azurerm_resource_group.rg",
            "module.storage_account.azurerm_storage_account.sa"
          ]
        }
      ]
    }
  ],
  "check_results": null
}
